# This file is autogenerated, do not edit; changes may be undone by the next 'dep ensure'.


[[projects]]
  branch = "master"
  digest = "1:9873424b8fa78e7864fe3a88fc2362b8ec2fec8b27597b5c6c167b8a926a6360"
  name = "github.com/MaxHalford/eaopt"
  packages = ["."]
  pruneopts = "UT"
  revision = "e7495003d6bf68a7b062c1956b59dd8058a81c99"

[[projects]]
  branch = "master"
  digest = "1:c3806bfe3d2c9baa0d4ebd90f0a59c7505969bcaab024b5185d20ccd66c9400c"
  name = "github.com/buger/goterm"
  packages = ["."]
  pruneopts = "UT"
  revision = "6d19e6a8df12fdfc44a90a24b677a6d04a80b91f"

[[projects]]
  digest = "1:ffe9824d294da03b391f44e1ae8281281b4afc1bdaa9588c9097785e3af10cec"
  name = "github.com/davecgh/go-spew"
  packages = ["spew"]
  pruneopts = "UT"
  revision = "8991bc29aa16c548c550c7ff78260e27b9ab7c73"
  version = "v1.1.1"

[[projects]]
  digest = "1:a2cff208d4759f6ba1b1cd228587b0a1869f95f22542ec9cd17fff64430113c7"
  name = "github.com/jessevdk/go-flags"
  packages = ["."]
  pruneopts = "UT"
  revision = "c6ca198ec95c841fdb89fc0de7496fed11ab854e"
  version = "v1.4.0"

[[projects]]
  digest = "1:0028cb19b2e4c3112225cd871870f2d9cf49b9b4276531f03438a88e94be86fe"
  name = "github.com/pmezard/go-difflib"
  packages = ["difflib"]
  pruneopts = "UT"
  revision = "792786c7400a136282c1664665ae0a8db921c6c2"
  version = "v1.0.0"

[[projects]]
  digest = "1:18752d0b95816a1b777505a97f71c7467a8445b8ffb55631a7bf779f6ba4fa83"
  name = "github.com/stretchr/testify"
  packages = ["assert"]
  pruneopts = "UT"
  revision = "f35b8ab0b5a2cef36673838d662e249dd9c94686"
  version = "v1.2.2"

[[projects]]
  branch = "master"
  digest = "1:d02bceaacbb80a31195038353fbdba9a90a186b07d592c3832c2222c13bdf910"
  name = "golang.org/x/image"
  packages = [
    "font",
    "font/basicfont",
    "font/inconsolata",
    "font/plan9font",
    "math/fixed",
  ]
  pruneopts = "UT"
  revision = "991ec62608f3c0da01d400756917825d1e2fd528"

[[projects]]
  branch = "master"
  digest = "1:76ee51c3f468493aff39dbacc401e8831fbb765104cbf613b89bef01cf4bad70"
  name = "golang.org/x/net"
  packages = ["context"]
  pruneopts = "UT"
  revision = "49bb7cea24b1df9410e1712aa6433dae904ff66a"

[[projects]]
  branch = "master"
  digest = "1:39ebcc2b11457b703ae9ee2e8cca0f68df21969c6102cb3b705f76cca0ea0239"
  name = "golang.org/x/sync"
  packages = ["errgroup"]
  pruneopts = "UT"
  revision = "1d60e4601c6fd243af51cc01ddf169918a5407ca"

[[projects]]
  branch = "master"
  digest = "1:f22e437d9328275884d0ae018ed0de4c280871c944a5ab332aa37fd71fb5801b"
  name = "golang.org/x/sys"
  packages = ["unix"]
  pruneopts = "UT"
  revision = "95b1ffbd15a57cc5abb3f04402b9e8ec0016a52c"

[solve-meta]
  analyzer-name = "dep"
  analyzer-version = 1
  input-imports = [
    "github.com/MaxHalford/eaopt",
    "github.com/buger/goterm",
    "github.com/jessevdk/go-flags",
    "github.com/stretchr/testify/assert",
    "golang.org/x/image/font",
    "golang.org/x/image/font/inconsolata",
    "golang.org/x/image/math/fixed",
  ]
  solver-name = "gps-cdcl"
  solver-version = 1
